
Microsoft Visual Studio Solution File, Format Version 12.00
# Visual Studio Version 16
VisualStudioVersion = 16.0.29403.142
MinimumVisualStudioVersion = 10.0.40219.1
Project("{FAE04EC0-301F-11D3-BF4B-00C04F79EFBC}") = "ContractParser", "ContractParser.csproj", "{0523CFC0-7509-47A2-8C11-C8C70EEC6EBD}"
EndProject
Global
	GlobalSection(SolutionConfigurationPlatforms) = preSolution
		Debug|Any CPU = Debug|Any CPU
		Release|Any CPU = Release|Any CPU
	EndGlobalSection
	GlobalSection(ProjectConfigurationPlatforms) = postSolution
		{0523CFC0-7509-47A2-8C11-C8C70EEC6EBD}.Debug|Any CPU.ActiveCfg = Debug|Any CPU
		{0523CFC0-7509-47A2-8C11-C8C70EEC6EBD}.Debug|Any CPU.Build.0 = Debug|Any CPU
		{0523CFC0-7509-47A2-8C11-C8C70EEC6EBD}.Release|Any CPU.ActiveCfg = Release|Any CPU
		{0523CFC0-7509-47A2-8C11-C8C70EEC6EBD}.Release|Any CPU.Build.0 = Release|Any CPU
	EndGlobalSection
	GlobalSection(SolutionProperties) = preSolution
		HideSolutionNode = FALSE
	EndGlobalSection
	GlobalSection(ExtensibilityGlobals) = postSolution
		SolutionGuid = {AAE62A1A-185E-4313-89D0-A1AF09980E5B}
	EndGlobalSection
EndGlobal
